// !$*UTF8*$!
{
	archiveVersion = 1;
	classes = {
	};
	objectVersion = 46;
	objects = {

/* Begin PBXBuildFile section */
		28B421931CB1780E00D5CE48 /* DeadeuceCaller.m in Sources */ = {isa = PBXBuildFile; fileRef = 28B421921CB1780E00D5CE48 /* DeadeuceCaller.m */; };
		2B21FF4F1CB3556E0021D028 /* search.png in Resources */ = {isa = PBXBuildFile; fileRef = 2B21FF4E1CB3556E0021D028 /* search.png */; };
		2B21FF591CB3590F0021D028 /* X.png in Resources */ = {isa = PBXBuildFile; fileRef = 2B21FF581CB3590F0021D028 /* X.png */; };
		2B21FF5B1CB35D0B0021D028 /* fingerprint.png in Resources */ = {isa = PBXBuildFile; fileRef = 2B21FF5A1CB35D0B0021D028 /* fingerprint.png */; };
		2B21FF5D1CB35E5A0021D028 /* suggest_icon.png in Resources */ = {isa = PBXBuildFile; fileRef = 2B21FF5C1CB35E5A0021D028 /* suggest_icon.png */; };
		2B21FF5F1CB361980021D028 /* reveal-icon11.png in Resources */ = {isa = PBXBuildFile; fileRef = 2B21FF5E1CB361980021D028 /* reveal-icon11.png */; };
		2B21FF611CB362D20021D028 /* griffy.regular.png in Resources */ = {isa = PBXBuildFile; fileRef = 2B21FF601CB362D20021D028 /* griffy.regular.png */; };
		2B21FF631CB3646B0021D028 /* google_logo.png in Resources */ = {isa = PBXBuildFile; fileRef = 2B21FF621CB3646B0021D028 /* google_logo.png */; };
		2B21FF781CB366660021D028 /* GoogleService-Info.plist in Resources */ = {isa = PBXBuildFile; fileRef = 2B21FF771CB366660021D028 /* GoogleService-Info.plist */; };
		2B21FF811CB36E540021D028 /* GoogleSignIn.bundle in Resources */ = {isa = PBXBuildFile; fileRef = 2B21FF7F1CB36E540021D028 /* GoogleSignIn.bundle */; };
		2B21FF821CB36E540021D028 /* GoogleSignIn.framework in Frameworks */ = {isa = PBXBuildFile; fileRef = 2B21FF801CB36E540021D028 /* GoogleSignIn.framework */; };
		2B21FF841CB36EC40021D028 /* CoreData.framework in Frameworks */ = {isa = PBXBuildFile; fileRef = 2B21FF831CB36EC40021D028 /* CoreData.framework */; };
		2B21FF861CB36ED30021D028 /* SystemConfiguration.framework in Frameworks */ = {isa = PBXBuildFile; fileRef = 2B21FF851CB36ED30021D028 /* SystemConfiguration.framework */; };
		2B21FF881CB36EE10021D028 /* libz.tbd in Frameworks */ = {isa = PBXBuildFile; fileRef = 2B21FF871CB36EE10021D028 /* libz.tbd */; };
		2B21FF8A1CB36EED0021D028 /* libsqlite3.tbd in Frameworks */ = {isa = PBXBuildFile; fileRef = 2B21FF891CB36EED0021D028 /* libsqlite3.tbd */; };
		2B21FF8C1CB36F310021D028 /* AddressBook.framework in Frameworks */ = {isa = PBXBuildFile; fileRef = 2B21FF8B1CB36F310021D028 /* AddressBook.framework */; };
		2B21FF8E1CB36F3B0021D028 /* AdSupport.framework in Frameworks */ = {isa = PBXBuildFile; fileRef = 2B21FF8D1CB36F3B0021D028 /* AdSupport.framework */; };
		2B21FF901CB36F4F0021D028 /* SafariServices.framework in Frameworks */ = {isa = PBXBuildFile; fileRef = 2B21FF8F1CB36F4F0021D028 /* SafariServices.framework */; };
		2B21FF921CB36F6D0021D028 /* StoreKit.framework in Frameworks */ = {isa = PBXBuildFile; fileRef = 2B21FF911CB36F6D0021D028 /* StoreKit.framework */; };
		2B21FF941CB36FD40021D028 /* reveal-icon111.png in Resources */ = {isa = PBXBuildFile; fileRef = 2B21FF931CB36FD40021D028 /* reveal-icon111.png */; };
		2B21FF961CB370320021D028 /* reveal-icon.png in Resources */ = {isa = PBXBuildFile; fileRef = 2B21FF951CB370320021D028 /* reveal-icon.png */; };
		658381D40B455AB211108C0F /* libPods-Deadeuce.a in Frameworks */ = {isa = PBXBuildFile; fileRef = F8CEAF6A7C2AD9DC5D9B6BE5 /* libPods-Deadeuce.a */; settings = {ATTRIBUTES = (Required, ); }; };
		AA0A53821CB059A3005BA0A2 /* CurrentGameViewController.m in Sources */ = {isa = PBXBuildFile; fileRef = AA0A53811CB059A3005BA0A2 /* CurrentGameViewController.m */; };
		AA0A53851CB0783F005BA0A2 /* GameEventObject.m in Sources */ = {isa = PBXBuildFile; fileRef = AA0A53841CB0783F005BA0A2 /* GameEventObject.m */; };
		AA0A53951CB091BC005BA0A2 /* chevron down.png in Resources */ = {isa = PBXBuildFile; fileRef = AA0A53861CB091BC005BA0A2 /* chevron down.png */; };
		AA0A53991CB091BC005BA0A2 /* menu1.png in Resources */ = {isa = PBXBuildFile; fileRef = AA0A538A1CB091BC005BA0A2 /* menu1.png */; };
		AA0A539A1CB091BC005BA0A2 /* Plus-inactive.png in Resources */ = {isa = PBXBuildFile; fileRef = AA0A538B1CB091BC005BA0A2 /* Plus-inactive.png */; };
		AA0A539B1CB091BC005BA0A2 /* Plus.png in Resources */ = {isa = PBXBuildFile; fileRef = AA0A538C1CB091BC005BA0A2 /* Plus.png */; };
		AA0A539C1CB091BC005BA0A2 /* selected.png in Resources */ = {isa = PBXBuildFile; fileRef = AA0A538D1CB091BC005BA0A2 /* selected.png */; };
		AA0A539D1CB091BC005BA0A2 /* selectedgreen.png in Resources */ = {isa = PBXBuildFile; fileRef = AA0A538E1CB091BC005BA0A2 /* selectedgreen.png */; };
		AA0A539E1CB091BC005BA0A2 /* user.png in Resources */ = {isa = PBXBuildFile; fileRef = AA0A538F1CB091BC005BA0A2 /* user.png */; };
		AA0A53A01CB091BC005BA0A2 /* chevron down.svg in Resources */ = {isa = PBXBuildFile; fileRef = AA0A53911CB091BC005BA0A2 /* chevron down.svg */; };
		AA0A53A11CB091BC005BA0A2 /* chevron small left.svg in Resources */ = {isa = PBXBuildFile; fileRef = AA0A53921CB091BC005BA0A2 /* chevron small left.svg */; };
		AA0A53A21CB091BC005BA0A2 /* dark-curve-forest-rails.jpg in Resources */ = {isa = PBXBuildFile; fileRef = AA0A53931CB091BC005BA0A2 /* dark-curve-forest-rails.jpg */; };
		AA0A53A31CB091BC005BA0A2 /* fingerprint.svg in Resources */ = {isa = PBXBuildFile; fileRef = AA0A53941CB091BC005BA0A2 /* fingerprint.svg */; };
		AA0A53A51CB094D0005BA0A2 /* cropdark-curve-forest-rails.png in Resources */ = {isa = PBXBuildFile; fileRef = AA0A53A41CB094D0005BA0A2 /* cropdark-curve-forest-rails.png */; };
		AA0A53A81CB0A0D4005BA0A2 /* SuggestTableViewController.m in Sources */ = {isa = PBXBuildFile; fileRef = AA0A53A71CB0A0D4005BA0A2 /* SuggestTableViewController.m */; };
		AA0A53AB1CB0A916005BA0A2 /* ReviewSuggestionViewController.m in Sources */ = {isa = PBXBuildFile; fileRef = AA0A53AA1CB0A916005BA0A2 /* ReviewSuggestionViewController.m */; };
		AA4F954D1CAB27B000B2C2EA /* GameMapViewController.m in Sources */ = {isa = PBXBuildFile; fileRef = AA4F954C1CAB27B000B2C2EA /* GameMapViewController.m */; };
		AA7E1E9D1CA2128D0060901E /* GameObject.m in Sources */ = {isa = PBXBuildFile; fileRef = AA7E1E9C1CA2128D0060901E /* GameObject.m */; };
		AA7E1EA01CA215080060901E /* reveal-icon1.png in Resources */ = {isa = PBXBuildFile; fileRef = AA7E1E9F1CA215070060901E /* reveal-icon1.png */; };
		AA7E1EA21CA2592E0060901E /* facebook.png in Resources */ = {isa = PBXBuildFile; fileRef = AA7E1EA11CA2592E0060901E /* facebook.png */; };
		AA7E1EA41CA25CE00060901E /* FBSDKCoreKit.framework in Frameworks */ = {isa = PBXBuildFile; fileRef = AA7E1EA31CA25CE00060901E /* FBSDKCoreKit.framework */; };
		AA7E1EA61CA25CE80060901E /* FBSDKLoginKit.framework in Frameworks */ = {isa = PBXBuildFile; fileRef = AA7E1EA51CA25CE80060901E /* FBSDKLoginKit.framework */; };
		AA8542641C93DF1A006EA952 /* LobbyTableViewController.m in Sources */ = {isa = PBXBuildFile; fileRef = AA8542631C93DF1A006EA952 /* LobbyTableViewController.m */; };
		AA8542671C93DFAC006EA952 /* LoginViewController.m in Sources */ = {isa = PBXBuildFile; fileRef = AA8542661C93DFAC006EA952 /* LoginViewController.m */; };
		AA85426F1C93E8F6006EA952 /* LeftPanelViewController.m in Sources */ = {isa = PBXBuildFile; fileRef = AA85426E1C93E8F6006EA952 /* LeftPanelViewController.m */; };
		AAC311C61C9FAFA6003862A8 /* DetectivePadTableViewController.m in Sources */ = {isa = PBXBuildFile; fileRef = AAC311C41C9FAFA6003862A8 /* DetectivePadTableViewController.m */; };
		AAE42FD51CAC53E30037CABF /* DecisionResultViewController.m in Sources */ = {isa = PBXBuildFile; fileRef = AAE42FD41CAC53E30037CABF /* DecisionResultViewController.m */; };
		AAF1297A1C93D73400BAE9F4 /* main.m in Sources */ = {isa = PBXBuildFile; fileRef = AAF129791C93D73400BAE9F4 /* main.m */; };
		AAF1297D1C93D73400BAE9F4 /* AppDelegate.m in Sources */ = {isa = PBXBuildFile; fileRef = AAF1297C1C93D73400BAE9F4 /* AppDelegate.m */; };
		AAF129851C93D73400BAE9F4 /* Assets.xcassets in Resources */ = {isa = PBXBuildFile; fileRef = AAF129841C93D73400BAE9F4 /* Assets.xcassets */; };
		AAF129881C93D73400BAE9F4 /* LaunchScreen.storyboard in Resources */ = {isa = PBXBuildFile; fileRef = AAF129861C93D73400BAE9F4 /* LaunchScreen.storyboard */; };
/* End PBXBuildFile section */

/* Begin PBXFileReference section */
		28B421921CB1780E00D5CE48 /* DeadeuceCaller.m */ = {isa = PBXFileReference; fileEncoding = 4; lastKnownFileType = sourcecode.c.objc; name = DeadeuceCaller.m; path = Controller/DeadeuceCaller.m; sourceTree = "<group>"; };
		28B421941CB1782700D5CE48 /* DeadeuceCaller.h */ = {isa = PBXFileReference; fileEncoding = 4; lastKnownFileType = sourcecode.c.h; name = DeadeuceCaller.h; path = Controller/DeadeuceCaller.h; sourceTree = "<group>"; };
		2B21FF4E1CB3556E0021D028 /* search.png */ = {isa = PBXFileReference; lastKnownFileType = image.png; path = search.png; sourceTree = "<group>"; };
		2B21FF581CB3590F0021D028 /* X.png */ = {isa = PBXFileReference; lastKnownFileType = image.png; path = X.png; sourceTree = "<group>"; };
		2B21FF5A1CB35D0B0021D028 /* fingerprint.png */ = {isa = PBXFileReference; lastKnownFileType = image.png; path = fingerprint.png; sourceTree = "<group>"; };
		2B21FF5C1CB35E5A0021D028 /* suggest_icon.png */ = {isa = PBXFileReference; lastKnownFileType = image.png; path = suggest_icon.png; sourceTree = "<group>"; };
		2B21FF5E1CB361980021D028 /* reveal-icon11.png */ = {isa = PBXFileReference; lastKnownFileType = image.png; path = "reveal-icon11.png"; sourceTree = "<group>"; };
		2B21FF601CB362D20021D028 /* griffy.regular.png */ = {isa = PBXFileReference; lastKnownFileType = image.png; path = griffy.regular.png; sourceTree = "<group>"; };
		2B21FF621CB3646B0021D028 /* google_logo.png */ = {isa = PBXFileReference; lastKnownFileType = image.png; path = google_logo.png; sourceTree = "<group>"; };
		2B21FF771CB366660021D028 /* GoogleService-Info.plist */ = {isa = PBXFileReference; fileEncoding = 4; lastKnownFileType = text.plist.xml; path = "GoogleService-Info.plist"; sourceTree = "<group>"; };
		2B21FF7F1CB36E540021D028 /* GoogleSignIn.bundle */ = {isa = PBXFileReference; lastKnownFileType = "wrapper.plug-in"; path = GoogleSignIn.bundle; sourceTree = "<group>"; };
		2B21FF801CB36E540021D028 /* GoogleSignIn.framework */ = {isa = PBXFileReference; lastKnownFileType = wrapper.framework; path = GoogleSignIn.framework; sourceTree = "<group>"; };
		2B21FF831CB36EC40021D028 /* CoreData.framework */ = {isa = PBXFileReference; lastKnownFileType = wrapper.framework; name = CoreData.framework; path = System/Library/Frameworks/CoreData.framework; sourceTree = SDKROOT; };
		2B21FF851CB36ED30021D028 /* SystemConfiguration.framework */ = {isa = PBXFileReference; lastKnownFileType = wrapper.framework; name = SystemConfiguration.framework; path = System/Library/Frameworks/SystemConfiguration.framework; sourceTree = SDKROOT; };
		2B21FF871CB36EE10021D028 /* libz.tbd */ = {isa = PBXFileReference; lastKnownFileType = "sourcecode.text-based-dylib-definition"; name = libz.tbd; path = usr/lib/libz.tbd; sourceTree = SDKROOT; };
		2B21FF891CB36EED0021D028 /* libsqlite3.tbd */ = {isa = PBXFileReference; lastKnownFileType = "sourcecode.text-based-dylib-definition"; name = libsqlite3.tbd; path = usr/lib/libsqlite3.tbd; sourceTree = SDKROOT; };
		2B21FF8B1CB36F310021D028 /* AddressBook.framework */ = {isa = PBXFileReference; lastKnownFileType = wrapper.framework; name = AddressBook.framework; path = System/Library/Frameworks/AddressBook.framework; sourceTree = SDKROOT; };
		2B21FF8D1CB36F3B0021D028 /* AdSupport.framework */ = {isa = PBXFileReference; lastKnownFileType = wrapper.framework; name = AdSupport.framework; path = System/Library/Frameworks/AdSupport.framework; sourceTree = SDKROOT; };
		2B21FF8F1CB36F4F0021D028 /* SafariServices.framework */ = {isa = PBXFileReference; lastKnownFileType = wrapper.framework; name = SafariServices.framework; path = System/Library/Frameworks/SafariServices.framework; sourceTree = SDKROOT; };
		2B21FF911CB36F6D0021D028 /* StoreKit.framework */ = {isa = PBXFileReference; lastKnownFileType = wrapper.framework; name = StoreKit.framework; path = System/Library/Frameworks/StoreKit.framework; sourceTree = SDKROOT; };
		2B21FF931CB36FD40021D028 /* reveal-icon111.png */ = {isa = PBXFileReference; lastKnownFileType = image.png; path = "reveal-icon111.png"; sourceTree = "<group>"; };
		2B21FF951CB370320021D028 /* reveal-icon.png */ = {isa = PBXFileReference; lastKnownFileType = image.png; path = "reveal-icon.png"; sourceTree = "<group>"; };
		65187E06181161CBCB33A22C /* Pods-Deadeuce.release.xcconfig */ = {isa = PBXFileReference; includeInIndex = 1; lastKnownFileType = text.xcconfig; name = "Pods-Deadeuce.release.xcconfig"; path = "Pods/Target Support Files/Pods-Deadeuce/Pods-Deadeuce.release.xcconfig"; sourceTree = "<group>"; };
		65D230B2EEA7C12EC178DBAB /* Pods-Deadeuce.debug.xcconfig */ = {isa = PBXFileReference; includeInIndex = 1; lastKnownFileType = text.xcconfig; name = "Pods-Deadeuce.debug.xcconfig"; path = "Pods/Target Support Files/Pods-Deadeuce/Pods-Deadeuce.debug.xcconfig"; sourceTree = "<group>"; };
		AA0A53801CB059A3005BA0A2 /* CurrentGameViewController.h */ = {isa = PBXFileReference; fileEncoding = 4; lastKnownFileType = sourcecode.c.h; path = CurrentGameViewController.h; sourceTree = "<group>"; };
		AA0A53811CB059A3005BA0A2 /* CurrentGameViewController.m */ = {isa = PBXFileReference; fileEncoding = 4; lastKnownFileType = sourcecode.c.objc; path = CurrentGameViewController.m; sourceTree = "<group>"; };
		AA0A53831CB0783F005BA0A2 /* GameEventObject.h */ = {isa = PBXFileReference; fileEncoding = 4; lastKnownFileType = sourcecode.c.h; path = GameEventObject.h; sourceTree = "<group>"; };
		AA0A53841CB0783F005BA0A2 /* GameEventObject.m */ = {isa = PBXFileReference; fileEncoding = 4; lastKnownFileType = sourcecode.c.objc; path = GameEventObject.m; sourceTree = "<group>"; };
		AA0A53861CB091BC005BA0A2 /* chevron down.png */ = {isa = PBXFileReference; lastKnownFileType = image.png; path = "chevron down.png"; sourceTree = "<group>"; };
		AA0A538A1CB091BC005BA0A2 /* menu1.png */ = {isa = PBXFileReference; lastKnownFileType = image.png; path = menu1.png; sourceTree = "<group>"; };
		AA0A538B1CB091BC005BA0A2 /* Plus-inactive.png */ = {isa = PBXFileReference; lastKnownFileType = image.png; path = "Plus-inactive.png"; sourceTree = "<group>"; };
		AA0A538C1CB091BC005BA0A2 /* Plus.png */ = {isa = PBXFileReference; lastKnownFileType = image.png; path = Plus.png; sourceTree = "<group>"; };
		AA0A538D1CB091BC005BA0A2 /* selected.png */ = {isa = PBXFileReference; lastKnownFileType = image.png; path = selected.png; sourceTree = "<group>"; };
		AA0A538E1CB091BC005BA0A2 /* selectedgreen.png */ = {isa = PBXFileReference; lastKnownFileType = image.png; path = selectedgreen.png; sourceTree = "<group>"; };
		AA0A538F1CB091BC005BA0A2 /* user.png */ = {isa = PBXFileReference; lastKnownFileType = image.png; path = user.png; sourceTree = "<group>"; };
		AA0A53911CB091BC005BA0A2 /* chevron down.svg */ = {isa = PBXFileReference; fileEncoding = 4; lastKnownFileType = text.xml; path = "chevron down.svg"; sourceTree = "<group>"; };
		AA0A53921CB091BC005BA0A2 /* chevron small left.svg */ = {isa = PBXFileReference; fileEncoding = 4; lastKnownFileType = text.xml; path = "chevron small left.svg"; sourceTree = "<group>"; };
		AA0A53931CB091BC005BA0A2 /* dark-curve-forest-rails.jpg */ = {isa = PBXFileReference; lastKnownFileType = image.jpeg; path = "dark-curve-forest-rails.jpg"; sourceTree = "<group>"; };
		AA0A53941CB091BC005BA0A2 /* fingerprint.svg */ = {isa = PBXFileReference; fileEncoding = 4; lastKnownFileType = text.xml; path = fingerprint.svg; sourceTree = "<group>"; };
		AA0A53A41CB094D0005BA0A2 /* cropdark-curve-forest-rails.png */ = {isa = PBXFileReference; lastKnownFileType = image.png; path = "cropdark-curve-forest-rails.png"; sourceTree = "<group>"; };
		AA0A53A61CB0A0D4005BA0A2 /* SuggestTableViewController.h */ = {isa = PBXFileReference; fileEncoding = 4; lastKnownFileType = sourcecode.c.h; path = SuggestTableViewController.h; sourceTree = "<group>"; };
		AA0A53A71CB0A0D4005BA0A2 /* SuggestTableViewController.m */ = {isa = PBXFileReference; fileEncoding = 4; lastKnownFileType = sourcecode.c.objc; path = SuggestTableViewController.m; sourceTree = "<group>"; };
		AA0A53A91CB0A916005BA0A2 /* ReviewSuggestionViewController.h */ = {isa = PBXFileReference; fileEncoding = 4; lastKnownFileType = sourcecode.c.h; path = ReviewSuggestionViewController.h; sourceTree = "<group>"; };
		AA0A53AA1CB0A916005BA0A2 /* ReviewSuggestionViewController.m */ = {isa = PBXFileReference; fileEncoding = 4; lastKnownFileType = sourcecode.c.objc; path = ReviewSuggestionViewController.m; sourceTree = "<group>"; };
		AA4F954B1CAB27B000B2C2EA /* GameMapViewController.h */ = {isa = PBXFileReference; fileEncoding = 4; lastKnownFileType = sourcecode.c.h; path = GameMapViewController.h; sourceTree = "<group>"; };
		AA4F954C1CAB27B000B2C2EA /* GameMapViewController.m */ = {isa = PBXFileReference; fileEncoding = 4; lastKnownFileType = sourcecode.c.objc; path = GameMapViewController.m; sourceTree = "<group>"; };
		AA7E1E9B1CA2128D0060901E /* GameObject.h */ = {isa = PBXFileReference; fileEncoding = 4; lastKnownFileType = sourcecode.c.h; path = GameObject.h; sourceTree = "<group>"; };
		AA7E1E9C1CA2128D0060901E /* GameObject.m */ = {isa = PBXFileReference; fileEncoding = 4; lastKnownFileType = sourcecode.c.objc; path = GameObject.m; sourceTree = "<group>"; };
		AA7E1E9F1CA215070060901E /* reveal-icon1.png */ = {isa = PBXFileReference; lastKnownFileType = image.png; path = "reveal-icon1.png"; sourceTree = "<group>"; };
		AA7E1EA11CA2592E0060901E /* facebook.png */ = {isa = PBXFileReference; lastKnownFileType = image.png; path = facebook.png; sourceTree = "<group>"; };
		AA7E1EA31CA25CE00060901E /* FBSDKCoreKit.framework */ = {isa = PBXFileReference; lastKnownFileType = wrapper.framework; path = FBSDKCoreKit.framework; sourceTree = "<group>"; };
		AA7E1EA51CA25CE80060901E /* FBSDKLoginKit.framework */ = {isa = PBXFileReference; lastKnownFileType = wrapper.framework; path = FBSDKLoginKit.framework; sourceTree = "<group>"; };
		AA8542621C93DF1A006EA952 /* LobbyTableViewController.h */ = {isa = PBXFileReference; fileEncoding = 4; lastKnownFileType = sourcecode.c.h; path = LobbyTableViewController.h; sourceTree = "<group>"; };
		AA8542631C93DF1A006EA952 /* LobbyTableViewController.m */ = {isa = PBXFileReference; fileEncoding = 4; lastKnownFileType = sourcecode.c.objc; path = LobbyTableViewController.m; sourceTree = "<group>"; };
		AA8542651C93DFAC006EA952 /* LoginViewController.h */ = {isa = PBXFileReference; fileEncoding = 4; lastKnownFileType = sourcecode.c.h; path = LoginViewController.h; sourceTree = "<group>"; };
		AA8542661C93DFAC006EA952 /* LoginViewController.m */ = {isa = PBXFileReference; fileEncoding = 4; lastKnownFileType = sourcecode.c.objc; path = LoginViewController.m; sourceTree = "<group>"; };
		AA85426D1C93E8F6006EA952 /* LeftPanelViewController.h */ = {isa = PBXFileReference; fileEncoding = 4; lastKnownFileType = sourcecode.c.h; path = LeftPanelViewController.h; sourceTree = "<group>"; };
		AA85426E1C93E8F6006EA952 /* LeftPanelViewController.m */ = {isa = PBXFileReference; fileEncoding = 4; lastKnownFileType = sourcecode.c.objc; path = LeftPanelViewController.m; sourceTree = "<group>"; };
		AAC311C41C9FAFA6003862A8 /* DetectivePadTableViewController.m */ = {isa = PBXFileReference; fileEncoding = 4; lastKnownFileType = sourcecode.c.objc; path = DetectivePadTableViewController.m; sourceTree = "<group>"; };
		AAC311C51C9FAFA6003862A8 /* DetectivePadTableViewController.h */ = {isa = PBXFileReference; fileEncoding = 4; lastKnownFileType = sourcecode.c.h; path = DetectivePadTableViewController.h; sourceTree = "<group>"; };
		AAE42FD31CAC53E30037CABF /* DecisionResultViewController.h */ = {isa = PBXFileReference; fileEncoding = 4; lastKnownFileType = sourcecode.c.h; path = DecisionResultViewController.h; sourceTree = "<group>"; };
		AAE42FD41CAC53E30037CABF /* DecisionResultViewController.m */ = {isa = PBXFileReference; fileEncoding = 4; lastKnownFileType = sourcecode.c.objc; path = DecisionResultViewController.m; sourceTree = "<group>"; };
		AAF129751C93D73400BAE9F4 /* Deadeuce.app */ = {isa = PBXFileReference; explicitFileType = wrapper.application; includeInIndex = 0; path = Deadeuce.app; sourceTree = BUILT_PRODUCTS_DIR; };
		AAF129791C93D73400BAE9F4 /* main.m */ = {isa = PBXFileReference; lastKnownFileType = sourcecode.c.objc; path = main.m; sourceTree = "<group>"; };
		AAF1297B1C93D73400BAE9F4 /* AppDelegate.h */ = {isa = PBXFileReference; lastKnownFileType = sourcecode.c.h; path = AppDelegate.h; sourceTree = "<group>"; };
		AAF1297C1C93D73400BAE9F4 /* AppDelegate.m */ = {isa = PBXFileReference; lastKnownFileType = sourcecode.c.objc; path = AppDelegate.m; sourceTree = "<group>"; };
		AAF129841C93D73400BAE9F4 /* Assets.xcassets */ = {isa = PBXFileReference; lastKnownFileType = folder.assetcatalog; path = Assets.xcassets; sourceTree = "<group>"; };
		AAF129871C93D73400BAE9F4 /* Base */ = {isa = PBXFileReference; lastKnownFileType = file.storyboard; name = Base; path = Base.lproj/LaunchScreen.storyboard; sourceTree = "<group>"; };
		AAF129891C93D73400BAE9F4 /* Info.plist */ = {isa = PBXFileReference; lastKnownFileType = text.plist.xml; path = Info.plist; sourceTree = "<group>"; };
		F8CEAF6A7C2AD9DC5D9B6BE5 /* libPods-Deadeuce.a */ = {isa = PBXFileReference; explicitFileType = archive.ar; includeInIndex = 0; path = "libPods-Deadeuce.a"; sourceTree = BUILT_PRODUCTS_DIR; };
/* End PBXFileReference section */

/* Begin PBXFrameworksBuildPhase section */
		AAF129721C93D73400BAE9F4 /* Frameworks */ = {
			isa = PBXFrameworksBuildPhase;
			buildActionMask = 2147483647;
			files = (
				2B21FF921CB36F6D0021D028 /* StoreKit.framework in Frameworks */,
				2B21FF901CB36F4F0021D028 /* SafariServices.framework in Frameworks */,
				2B21FF8E1CB36F3B0021D028 /* AdSupport.framework in Frameworks */,
				2B21FF8C1CB36F310021D028 /* AddressBook.framework in Frameworks */,
				2B21FF8A1CB36EED0021D028 /* libsqlite3.tbd in Frameworks */,
				2B21FF881CB36EE10021D028 /* libz.tbd in Frameworks */,
				2B21FF861CB36ED30021D028 /* SystemConfiguration.framework in Frameworks */,
				2B21FF841CB36EC40021D028 /* CoreData.framework in Frameworks */,
				658381D40B455AB211108C0F /* libPods-Deadeuce.a in Frameworks */,
				AA7E1EA41CA25CE00060901E /* FBSDKCoreKit.framework in Frameworks */,
				AA7E1EA61CA25CE80060901E /* FBSDKLoginKit.framework in Frameworks */,
				2B21FF821CB36E540021D028 /* GoogleSignIn.framework in Frameworks */,
			);
			runOnlyForDeploymentPostprocessing = 0;
		};
/* End PBXFrameworksBuildPhase section */

/* Begin PBXGroup section */
		28B421911CB176C600D5CE48 /* Controller */ = {
			isa = PBXGroup;
			children = (
				28B421941CB1782700D5CE48 /* DeadeuceCaller.h */,
				28B421921CB1780E00D5CE48 /* DeadeuceCaller.m */,
			);
			name = Controller;
			sourceTree = "<group>";
		};
		2B21FF681CB365860021D028 /* GoogleDependencies */ = {
			isa = PBXGroup;
			children = (
				2B21FF7F1CB36E540021D028 /* GoogleSignIn.bundle */,
				2B21FF801CB36E540021D028 /* GoogleSignIn.framework */,
			);
			name = GoogleDependencies;
			sourceTree = "<group>";
		};
		9CE8477FB5DB3827B4C4DF26 /* Pods */ = {
			isa = PBXGroup;
			children = (
				65D230B2EEA7C12EC178DBAB /* Pods-Deadeuce.debug.xcconfig */,
				65187E06181161CBCB33A22C /* Pods-Deadeuce.release.xcconfig */,
			);
			name = Pods;
			sourceTree = "<group>";
		};
		AA7E1E9A1CA212770060901E /* Model */ = {
			isa = PBXGroup;
			children = (
				AA7E1E9B1CA2128D0060901E /* GameObject.h */,
				AA7E1E9C1CA2128D0060901E /* GameObject.m */,
				AA0A53831CB0783F005BA0A2 /* GameEventObject.h */,
				AA0A53841CB0783F005BA0A2 /* GameEventObject.m */,
			);
			name = Model;
			sourceTree = "<group>";
		};
		AA7E1E9E1CA214F30060901E /* Images */ = {
			isa = PBXGroup;
			children = (
				AA0A53A41CB094D0005BA0A2 /* cropdark-curve-forest-rails.png */,
				AA0A53861CB091BC005BA0A2 /* chevron down.png */,
				2B21FF5A1CB35D0B0021D028 /* fingerprint.png */,
				2B21FF5C1CB35E5A0021D028 /* suggest_icon.png */,
				AA0A538A1CB091BC005BA0A2 /* menu1.png */,
				AA0A538B1CB091BC005BA0A2 /* Plus-inactive.png */,
				AA0A538C1CB091BC005BA0A2 /* Plus.png */,
				AA0A538D1CB091BC005BA0A2 /* selected.png */,
				AA0A538E1CB091BC005BA0A2 /* selectedgreen.png */,
				AA0A538F1CB091BC005BA0A2 /* user.png */,
				2B21FF581CB3590F0021D028 /* X.png */,
				AA0A53911CB091BC005BA0A2 /* chevron down.svg */,
				AA0A53921CB091BC005BA0A2 /* chevron small left.svg */,
				AA0A53931CB091BC005BA0A2 /* dark-curve-forest-rails.jpg */,
				AA0A53941CB091BC005BA0A2 /* fingerprint.svg */,
				AA7E1EA11CA2592E0060901E /* facebook.png */,
				2B21FF5E1CB361980021D028 /* reveal-icon11.png */,
				AA7E1E9F1CA215070060901E /* reveal-icon1.png */,
				2B21FF931CB36FD40021D028 /* reveal-icon111.png */,
				2B21FF951CB370320021D028 /* reveal-icon.png */,
				2B21FF4E1CB3556E0021D028 /* search.png */,
				2B21FF601CB362D20021D028 /* griffy.regular.png */,
				2B21FF621CB3646B0021D028 /* google_logo.png */,
			);
			name = Images;
			sourceTree = "<group>";
		};
		AAF1296C1C93D73400BAE9F4 = {
			isa = PBXGroup;
			children = (
				AAF129771C93D73400BAE9F4 /* Deadeuce */,
				AAF129761C93D73400BAE9F4 /* Products */,
				9CE8477FB5DB3827B4C4DF26 /* Pods */,
				C7629655C1F91A93CFBDFEAE /* Frameworks */,
			);
			sourceTree = "<group>";
		};
		AAF129761C93D73400BAE9F4 /* Products */ = {
			isa = PBXGroup;
			children = (
				AAF129751C93D73400BAE9F4 /* Deadeuce.app */,
			);
			name = Products;
			sourceTree = "<group>";
		};
		AAF129771C93D73400BAE9F4 /* Deadeuce */ = {
			isa = PBXGroup;
			children = (
				28B421911CB176C600D5CE48 /* Controller */,
				AA7E1E9E1CA214F30060901E /* Images */,
				AA7E1E9A1CA212770060901E /* Model */,
				AA85426D1C93E8F6006EA952 /* LeftPanelViewController.h */,
				AA85426E1C93E8F6006EA952 /* LeftPanelViewController.m */,
				AA0A53A61CB0A0D4005BA0A2 /* SuggestTableViewController.h */,
				AA0A53A71CB0A0D4005BA0A2 /* SuggestTableViewController.m */,
				AA0A53A91CB0A916005BA0A2 /* ReviewSuggestionViewController.h */,
				AA0A53AA1CB0A916005BA0A2 /* ReviewSuggestionViewController.m */,
				AAF1297B1C93D73400BAE9F4 /* AppDelegate.h */,
				AAF1297C1C93D73400BAE9F4 /* AppDelegate.m */,
				AA8542651C93DFAC006EA952 /* LoginViewController.h */,
				AA8542661C93DFAC006EA952 /* LoginViewController.m */,
				AA8542621C93DF1A006EA952 /* LobbyTableViewController.h */,
				AA8542631C93DF1A006EA952 /* LobbyTableViewController.m */,
				AAC311C51C9FAFA6003862A8 /* DetectivePadTableViewController.h */,
				AAC311C41C9FAFA6003862A8 /* DetectivePadTableViewController.m */,
				AAF129841C93D73400BAE9F4 /* Assets.xcassets */,
				AAF129861C93D73400BAE9F4 /* LaunchScreen.storyboard */,
				2B21FF771CB366660021D028 /* GoogleService-Info.plist */,
				AAF129891C93D73400BAE9F4 /* Info.plist */,
				AAF129781C93D73400BAE9F4 /* Supporting Files */,
				AA4F954B1CAB27B000B2C2EA /* GameMapViewController.h */,
				AA4F954C1CAB27B000B2C2EA /* GameMapViewController.m */,
				AAE42FD31CAC53E30037CABF /* DecisionResultViewController.h */,
				AAE42FD41CAC53E30037CABF /* DecisionResultViewController.m */,
				AA0A53801CB059A3005BA0A2 /* CurrentGameViewController.h */,
				AA0A53811CB059A3005BA0A2 /* CurrentGameViewController.m */,
			);
			path = Deadeuce;
			sourceTree = "<group>";
		};
		AAF129781C93D73400BAE9F4 /* Supporting Files */ = {
			isa = PBXGroup;
			children = (
				AAF129791C93D73400BAE9F4 /* main.m */,
			);
			name = "Supporting Files";
			sourceTree = "<group>";
		};
		C7629655C1F91A93CFBDFEAE /* Frameworks */ = {
			isa = PBXGroup;
			children = (
				2B21FF911CB36F6D0021D028 /* StoreKit.framework */,
				2B21FF8F1CB36F4F0021D028 /* SafariServices.framework */,
				2B21FF8D1CB36F3B0021D028 /* AdSupport.framework */,
				2B21FF8B1CB36F310021D028 /* AddressBook.framework */,
				2B21FF891CB36EED0021D028 /* libsqlite3.tbd */,
				2B21FF871CB36EE10021D028 /* libz.tbd */,
				2B21FF851CB36ED30021D028 /* SystemConfiguration.framework */,
				2B21FF831CB36EC40021D028 /* CoreData.framework */,
				2B21FF681CB365860021D028 /* GoogleDependencies */,
				AA7E1EA51CA25CE80060901E /* FBSDKLoginKit.framework */,
				AA7E1EA31CA25CE00060901E /* FBSDKCoreKit.framework */,
				F8CEAF6A7C2AD9DC5D9B6BE5 /* libPods-Deadeuce.a */,
			);
			name = Frameworks;
			sourceTree = "<group>";
		};
/* End PBXGroup section */

/* Begin PBXNativeTarget section */
		AAF129741C93D73400BAE9F4 /* Deadeuce */ = {
			isa = PBXNativeTarget;
			buildConfigurationList = AAF1298C1C93D73400BAE9F4 /* Build configuration list for PBXNativeTarget "Deadeuce" */;
			buildPhases = (
				3CEEA7D98D705E73EDD9B894 /* Check Pods Manifest.lock */,
				AAF129711C93D73400BAE9F4 /* Sources */,
				AAF129721C93D73400BAE9F4 /* Frameworks */,
				AAF129731C93D73400BAE9F4 /* Resources */,
				F115DA646A3021334E399AA8 /* Embed Pods Frameworks */,
				0465A0E1A9723CCDA08361DD /* Copy Pods Resources */,
			);
			buildRules = (
			);
			dependencies = (
			);
			name = Deadeuce;
			productName = Deadeuce;
			productReference = AAF129751C93D73400BAE9F4 /* Deadeuce.app */;
			productType = "com.apple.product-type.application";
		};
/* End PBXNativeTarget section */

/* Begin PBXProject section */
		AAF1296D1C93D73400BAE9F4 /* Project object */ = {
			isa = PBXProject;
			attributes = {
				LastUpgradeCheck = 0720;
				ORGANIZATIONNAME = Deadeuce;
				TargetAttributes = {
					AAF129741C93D73400BAE9F4 = {
						CreatedOnToolsVersion = 7.2.1;
					};
				};
			};
			buildConfigurationList = AAF129701C93D73400BAE9F4 /* Build configuration list for PBXProject "Deadeuce" */;
			compatibilityVersion = "Xcode 3.2";
			developmentRegion = English;
			hasScannedForEncodings = 0;
			knownRegions = (
				en,
				Base,
			);
			mainGroup = AAF1296C1C93D73400BAE9F4;
			productRefGroup = AAF129761C93D73400BAE9F4 /* Products */;
			projectDirPath = "";
			projectRoot = "";
			targets = (
				AAF129741C93D73400BAE9F4 /* Deadeuce */,
			);
		};
/* End PBXProject section */

/* Begin PBXResourcesBuildPhase section */
		AAF129731C93D73400BAE9F4 /* Resources */ = {
			isa = PBXResourcesBuildPhase;
			buildActionMask = 2147483647;
			files = (
				AA0A53A11CB091BC005BA0A2 /* chevron small left.svg in Resources */,
				AA0A539C1CB091BC005BA0A2 /* selected.png in Resources */,
				2B21FF781CB366660021D028 /* GoogleService-Info.plist in Resources */,
				2B21FF611CB362D20021D028 /* griffy.regular.png in Resources */,
				2B21FF961CB370320021D028 /* reveal-icon.png in Resources */,
				AAF129881C93D73400BAE9F4 /* LaunchScreen.storyboard in Resources */,
				AA0A53991CB091BC005BA0A2 /* menu1.png in Resources */,
				AA0A539E1CB091BC005BA0A2 /* user.png in Resources */,
				2B21FF5B1CB35D0B0021D028 /* fingerprint.png in Resources */,
				AA0A53A51CB094D0005BA0A2 /* cropdark-curve-forest-rails.png in Resources */,
				2B21FF4F1CB3556E0021D028 /* search.png in Resources */,
				AA7E1EA21CA2592E0060901E /* facebook.png in Resources */,
				2B21FF811CB36E540021D028 /* GoogleSignIn.bundle in Resources */,
				2B21FF5F1CB361980021D028 /* reveal-icon11.png in Resources */,
				2B21FF5D1CB35E5A0021D028 /* suggest_icon.png in Resources */,
				AA0A53A31CB091BC005BA0A2 /* fingerprint.svg in Resources */,
				AAF129851C93D73400BAE9F4 /* Assets.xcassets in Resources */,
				2B21FF941CB36FD40021D028 /* reveal-icon111.png in Resources */,
				AA0A539A1CB091BC005BA0A2 /* Plus-inactive.png in Resources */,
				2B21FF591CB3590F0021D028 /* X.png in Resources */,
				2B21FF631CB3646B0021D028 /* google_logo.png in Resources */,
				AA0A53951CB091BC005BA0A2 /* chevron down.png in Resources */,
				AA0A53A01CB091BC005BA0A2 /* chevron down.svg in Resources */,
				AA0A539D1CB091BC005BA0A2 /* selectedgreen.png in Resources */,
				AA7E1EA01CA215080060901E /* reveal-icon1.png in Resources */,
				AA0A53A21CB091BC005BA0A2 /* dark-curve-forest-rails.jpg in Resources */,
				AA0A539B1CB091BC005BA0A2 /* Plus.png in Resources */,
			);
			runOnlyForDeploymentPostprocessing = 0;
		};
/* End PBXResourcesBuildPhase section */

/* Begin PBXShellScriptBuildPhase section */
		0465A0E1A9723CCDA08361DD /* Copy Pods Resources */ = {
			isa = PBXShellScriptBuildPhase;
			buildActionMask = 2147483647;
			files = (
			);
			inputPaths = (
			);
			name = "Copy Pods Resources";
			outputPaths = (
			);
			runOnlyForDeploymentPostprocessing = 0;
			shellPath = /bin/sh;
			shellScript = "\"${SRCROOT}/Pods/Target Support Files/Pods-Deadeuce/Pods-Deadeuce-resources.sh\"\n";
			showEnvVarsInLog = 0;
		};
		3CEEA7D98D705E73EDD9B894 /* Check Pods Manifest.lock */ = {
			isa = PBXShellScriptBuildPhase;
			buildActionMask = 2147483647;
			files = (
			);
			inputPaths = (
			);
			name = "Check Pods Manifest.lock";
			outputPaths = (
			);
			runOnlyForDeploymentPostprocessing = 0;
			shellPath = /bin/sh;
			shellScript = "diff \"${PODS_ROOT}/../Podfile.lock\" \"${PODS_ROOT}/Manifest.lock\" > /dev/null\nif [[ $? != 0 ]] ; then\n    cat << EOM\nerror: The sandbox is not in sync with the Podfile.lock. Run 'pod install' or update your CocoaPods installation.\nEOM\n    exit 1\nfi\n";
			showEnvVarsInLog = 0;
		};
		F115DA646A3021334E399AA8 /* Embed Pods Frameworks */ = {
			isa = PBXShellScriptBuildPhase;
			buildActionMask = 2147483647;
			files = (
			);
			inputPaths = (
			);
			name = "Embed Pods Frameworks";
			outputPaths = (
			);
			runOnlyForDeploymentPostprocessing = 0;
			shellPath = /bin/sh;
			shellScript = "\"${SRCROOT}/Pods/Target Support Files/Pods-Deadeuce/Pods-Deadeuce-frameworks.sh\"\n";
			showEnvVarsInLog = 0;
		};
/* End PBXShellScriptBuildPhase section */

/* Begin PBXSourcesBuildPhase section */
		AAF129711C93D73400BAE9F4 /* Sources */ = {
			isa = PBXSourcesBuildPhase;
			buildActionMask = 2147483647;
			files = (
				28B421931CB1780E00D5CE48 /* DeadeuceCaller.m in Sources */,
				AA7E1E9D1CA2128D0060901E /* GameObject.m in Sources */,
				AAC311C61C9FAFA6003862A8 /* DetectivePadTableViewController.m in Sources */,
				AA85426F1C93E8F6006EA952 /* LeftPanelViewController.m in Sources */,
				AA4F954D1CAB27B000B2C2EA /* GameMapViewController.m in Sources */,
				AA8542641C93DF1A006EA952 /* LobbyTableViewController.m in Sources */,
				AAE42FD51CAC53E30037CABF /* DecisionResultViewController.m in Sources */,
				AA0A53821CB059A3005BA0A2 /* CurrentGameViewController.m in Sources */,
				AAF1297D1C93D73400BAE9F4 /* AppDelegate.m in Sources */,
				AAF1297A1C93D73400BAE9F4 /* main.m in Sources */,
				AA8542671C93DFAC006EA952 /* LoginViewController.m in Sources */,
				AA0A53AB1CB0A916005BA0A2 /* ReviewSuggestionViewController.m in Sources */,
				AA0A53A81CB0A0D4005BA0A2 /* SuggestTableViewController.m in Sources */,
				AA0A53851CB0783F005BA0A2 /* GameEventObject.m in Sources */,
			);
			runOnlyForDeploymentPostprocessing = 0;
		};
/* End PBXSourcesBuildPhase section */

/* Begin PBXVariantGroup section */
		AAF129861C93D73400BAE9F4 /* LaunchScreen.storyboard */ = {
			isa = PBXVariantGroup;
			children = (
				AAF129871C93D73400BAE9F4 /* Base */,
			);
			name = LaunchScreen.storyboard;
			sourceTree = "<group>";
		};
/* End PBXVariantGroup section */

/* Begin XCBuildConfiguration section */
		AAF1298A1C93D73400BAE9F4 /* Debug */ = {
			isa = XCBuildConfiguration;
			buildSettings = {
				ALWAYS_SEARCH_USER_PATHS = NO;
				CLANG_CXX_LANGUAGE_STANDARD = "gnu++0x";
				CLANG_CXX_LIBRARY = "libc++";
				CLANG_ENABLE_MODULES = YES;
				CLANG_ENABLE_OBJC_ARC = YES;
				CLANG_WARN_BOOL_CONVERSION = YES;
				CLANG_WARN_CONSTANT_CONVERSION = YES;
				CLANG_WARN_DIRECT_OBJC_ISA_USAGE = YES_ERROR;
				CLANG_WARN_EMPTY_BODY = YES;
				CLANG_WARN_ENUM_CONVERSION = YES;
				CLANG_WARN_INT_CONVERSION = YES;
				CLANG_WARN_OBJC_ROOT_CLASS = YES_ERROR;
				CLANG_WARN_UNREACHABLE_CODE = YES;
				CLANG_WARN__DUPLICATE_METHOD_MATCH = YES;
				"CODE_SIGN_IDENTITY[sdk=iphoneos*]" = "iPhone Developer";
				COPY_PHASE_STRIP = NO;
				DEBUG_INFORMATION_FORMAT = dwarf;
				ENABLE_STRICT_OBJC_MSGSEND = YES;
				ENABLE_TESTABILITY = YES;
				GCC_C_LANGUAGE_STANDARD = gnu99;
				GCC_DYNAMIC_NO_PIC = NO;
				GCC_NO_COMMON_BLOCKS = YES;
				GCC_OPTIMIZATION_LEVEL = 0;
				GCC_PREPROCESSOR_DEFINITIONS = (
					"DEBUG=1",
					"$(inherited)",
				);
				GCC_WARN_64_TO_32_BIT_CONVERSION = YES;
				GCC_WARN_ABOUT_RETURN_TYPE = YES_ERROR;
				GCC_WARN_UNDECLARED_SELECTOR = YES;
				GCC_WARN_UNINITIALIZED_AUTOS = YES_AGGRESSIVE;
				GCC_WARN_UNUSED_FUNCTION = YES;
				GCC_WARN_UNUSED_VARIABLE = YES;
				IPHONEOS_DEPLOYMENT_TARGET = 9.2;
				MTL_ENABLE_DEBUG_INFO = YES;
				ONLY_ACTIVE_ARCH = YES;
				SDKROOT = iphoneos;
			};
			name = Debug;
		};
		AAF1298B1C93D73400BAE9F4 /* Release */ = {
			isa = XCBuildConfiguration;
			buildSettings = {
				ALWAYS_SEARCH_USER_PATHS = NO;
				CLANG_CXX_LANGUAGE_STANDARD = "gnu++0x";
				CLANG_CXX_LIBRARY = "libc++";
				CLANG_ENABLE_MODULES = YES;
				CLANG_ENABLE_OBJC_ARC = YES;
				CLANG_WARN_BOOL_CONVERSION = YES;
				CLANG_WARN_CONSTANT_CONVERSION = YES;
				CLANG_WARN_DIRECT_OBJC_ISA_USAGE = YES_ERROR;
				CLANG_WARN_EMPTY_BODY = YES;
				CLANG_WARN_ENUM_CONVERSION = YES;
				CLANG_WARN_INT_CONVERSION = YES;
				CLANG_WARN_OBJC_ROOT_CLASS = YES_ERROR;
				CLANG_WARN_UNREACHABLE_CODE = YES;
				CLANG_WARN__DUPLICATE_METHOD_MATCH = YES;
				"CODE_SIGN_IDENTITY[sdk=iphoneos*]" = "iPhone Developer";
				COPY_PHASE_STRIP = NO;
				DEBUG_INFORMATION_FORMAT = "dwarf-with-dsym";
				ENABLE_NS_ASSERTIONS = NO;
				ENABLE_STRICT_OBJC_MSGSEND = YES;
				GCC_C_LANGUAGE_STANDARD = gnu99;
				GCC_NO_COMMON_BLOCKS = YES;
				GCC_WARN_64_TO_32_BIT_CONVERSION = YES;
				GCC_WARN_ABOUT_RETURN_TYPE = YES_ERROR;
				GCC_WARN_UNDECLARED_SELECTOR = YES;
				GCC_WARN_UNINITIALIZED_AUTOS = YES_AGGRESSIVE;
				GCC_WARN_UNUSED_FUNCTION = YES;
				GCC_WARN_UNUSED_VARIABLE = YES;
				IPHONEOS_DEPLOYMENT_TARGET = 9.2;
				MTL_ENABLE_DEBUG_INFO = NO;
				SDKROOT = iphoneos;
				VALIDATE_PRODUCT = YES;
			};
			name = Release;
		};
		AAF1298D1C93D73400BAE9F4 /* Debug */ = {
			isa = XCBuildConfiguration;
			baseConfigurationReference = 65D230B2EEA7C12EC178DBAB /* Pods-Deadeuce.debug.xcconfig */;
			buildSettings = {
				ASSETCATALOG_COMPILER_APPICON_NAME = AppIcon;
				FRAMEWORK_SEARCH_PATHS = (
					"$(inherited)",
					"$(PROJECT_DIR)",
				);
				INFOPLIST_FILE = Deadeuce/Info.plist;
				LD_RUNPATH_SEARCH_PATHS = "$(inherited) @executable_path/Frameworks";
				LIBRARY_SEARCH_PATHS = (
					"$(inherited)",
					"$(PROJECT_DIR)",
				);
				PRODUCT_BUNDLE_IDENTIFIER = com.example.Deadeuce;
				PRODUCT_NAME = "$(TARGET_NAME)";
			};
			name = Debug;
		};
		AAF1298E1C93D73400BAE9F4 /* Release */ = {
			isa = XCBuildConfiguration;
			baseConfigurationReference = 65187E06181161CBCB33A22C /* Pods-Deadeuce.release.xcconfig */;
			buildSettings = {
				ASSETCATALOG_COMPILER_APPICON_NAME = AppIcon;
				FRAMEWORK_SEARCH_PATHS = (
					"$(inherited)",
					"$(PROJECT_DIR)",
				);
				INFOPLIST_FILE = Deadeuce/Info.plist;
				LD_RUNPATH_SEARCH_PATHS = "$(inherited) @executable_path/Frameworks";
				LIBRARY_SEARCH_PATHS = (
					"$(inherited)",
					"$(PROJECT_DIR)",
				);
				PRODUCT_BUNDLE_IDENTIFIER = com.example.Deadeuce;
				PRODUCT_NAME = "$(TARGET_NAME)";
			};
			name = Release;
		};
/* End XCBuildConfiguration section */

/* Begin XCConfigurationList section */
		AAF129701C93D73400BAE9F4 /* Build configuration list for PBXProject "Deadeuce" */ = {
			isa = XCConfigurationList;
			buildConfigurations = (
				AAF1298A1C93D73400BAE9F4 /* Debug */,
				AAF1298B1C93D73400BAE9F4 /* Release */,
			);
			defaultConfigurationIsVisible = 0;
			defaultConfigurationName = Release;
		};
		AAF1298C1C93D73400BAE9F4 /* Build configuration list for PBXNativeTarget "Deadeuce" */ = {
			isa = XCConfigurationList;
			buildConfigurations = (
				AAF1298D1C93D73400BAE9F4 /* Debug */,
				AAF1298E1C93D73400BAE9F4 /* Release */,
			);
			defaultConfigurationIsVisible = 0;
			defaultConfigurationName = Release;
		};
/* End XCConfigurationList section */
	};
	rootObject = AAF1296D1C93D73400BAE9F4 /* Project object */;
}
